// !$*UTF8*$!
{
	archiveVersion = 1;
	classes = {
	};
	objectVersion = 56;
	objects = {

/* Begin PBXBuildFile section */
		001 /* MesocyclePlannerApp.swift in Sources */ = {isa = PBXBuildFile; fileRef = 002; };
		003 /* ContentView.swift in Sources */ = {isa = PBXBuildFile; fileRef = 004; };
		005 /* APIClient.swift in Sources */ = {isa = PBXBuildFile; fileRef = 006; };
		007 /* KeychainManager.swift in Sources */ = {isa = PBXBuildFile; fileRef = 008; };
		009 /* DesignSystem.swift in Sources */ = {isa = PBXBuildFile; fileRef = 010; };
		011 /* Models.swift in Sources */ = {isa = PBXBuildFile; fileRef = 012; };
		013 /* AuthService.swift in Sources */ = {isa = PBXBuildFile; fileRef = 014; };
		015 /* ExerciseService.swift in Sources */ = {isa = PBXBuildFile; fileRef = 016; };
		017 /* MesocycleService.swift in Sources */ = {isa = PBXBuildFile; fileRef = 018; };
		019 /* LoginView.swift in Sources */ = {isa = PBXBuildFile; fileRef = 020; };
		021 /* RegisterView.swift in Sources */ = {isa = PBXBuildFile; fileRef = 022; };
		023 /* CustomComponents.swift in Sources */ = {isa = PBXBuildFile; fileRef = 024; };
		025 /* MainTabView.swift in Sources */ = {isa = PBXBuildFile; fileRef = 026; };
		027 /* ExerciseLibraryView.swift in Sources */ = {isa = PBXBuildFile; fileRef = 028; };
		029 /* MesocycleListView.swift in Sources */ = {isa = PBXBuildFile; fileRef = 030; };
		031 /* ProfileView.swift in Sources */ = {isa = PBXBuildFile; fileRef = 032; };
		033 /* WorkoutListView.swift in Sources */ = {isa = PBXBuildFile; fileRef = 034; };
/* End PBXBuildFile section */

/* Begin PBXFileReference section */
		002 /* MesocyclePlannerApp.swift */ = {isa = PBXFileReference; lastKnownFileType = sourcecode.swift; path = MesocyclePlannerApp.swift; sourceTree = "<group>"; };
		004 /* ContentView.swift */ = {isa = PBXFileReference; lastKnownFileType = sourcecode.swift; path = ContentView.swift; sourceTree = "<group>"; };
		006 /* APIClient.swift */ = {isa = PBXFileReference; lastKnownFileType = sourcecode.swift; path = APIClient.swift; sourceTree = "<group>"; };
		008 /* KeychainManager.swift */ = {isa = PBXFileReference; lastKnownFileType = sourcecode.swift; path = KeychainManager.swift; sourceTree = "<group>"; };
		010 /* DesignSystem.swift */ = {isa = PBXFileReference; lastKnownFileType = sourcecode.swift; path = DesignSystem.swift; sourceTree = "<group>"; };
		012 /* Models.swift */ = {isa = PBXFileReference; lastKnownFileType = sourcecode.swift; path = Models.swift; sourceTree = "<group>"; };
		014 /* AuthService.swift */ = {isa = PBXFileReference; lastKnownFileType = sourcecode.swift; path = AuthService.swift; sourceTree = "<group>"; };
		016 /* ExerciseService.swift */ = {isa = PBXFileReference; lastKnownFileType = sourcecode.swift; path = ExerciseService.swift; sourceTree = "<group>"; };
		018 /* MesocycleService.swift */ = {isa = PBXFileReference; lastKnownFileType = sourcecode.swift; path = MesocycleService.swift; sourceTree = "<group>"; };
		020 /* LoginView.swift */ = {isa = PBXFileReference; lastKnownFileType = sourcecode.swift; path = LoginView.swift; sourceTree = "<group>"; };
		022 /* RegisterView.swift */ = {isa = PBXFileReference; lastKnownFileType = sourcecode.swift; path = RegisterView.swift; sourceTree = "<group>"; };
		024 /* CustomComponents.swift */ = {isa = PBXFileReference; lastKnownFileType = sourcecode.swift; path = CustomComponents.swift; sourceTree = "<group>"; };
		026 /* MainTabView.swift */ = {isa = PBXFileReference; lastKnownFileType = sourcecode.swift; path = MainTabView.swift; sourceTree = "<group>"; };
		028 /* ExerciseLibraryView.swift */ = {isa = PBXFileReference; lastKnownFileType = sourcecode.swift; path = ExerciseLibraryView.swift; sourceTree = "<group>"; };
		030 /* MesocycleListView.swift */ = {isa = PBXFileReference; lastKnownFileType = sourcecode.swift; path = MesocycleListView.swift; sourceTree = "<group>"; };
		032 /* ProfileView.swift */ = {isa = PBXFileReference; lastKnownFileType = sourcecode.swift; path = ProfileView.swift; sourceTree = "<group>"; };
		034 /* WorkoutListView.swift */ = {isa = PBXFileReference; lastKnownFileType = sourcecode.swift; path = WorkoutListView.swift; sourceTree = "<group>"; };
		999 /* MesocyclePlanner.app */ = {isa = PBXFileReference; explicitFileType = wrapper.application; includeInIndex = 0; path = MesocyclePlanner.app; sourceTree = BUILT_PRODUCTS_DIR; };
/* End PBXFileReference section */

/* Begin PBXFrameworksBuildPhase section */
		997 /* Frameworks */ = {
			isa = PBXFrameworksBuildPhase;
			buildActionMask = 2147483647;
			files = (
			);
			runOnlyForDeploymentPostprocessing = 0;
		};
/* End PBXFrameworksBuildPhase section */

/* Begin PBXGroup section */
		001 = {
			isa = PBXGroup;
			children = (
				100 /* MesocyclePlanner */,
				998 /* Products */,
			);
			sourceTree = "<group>";
		};
		100 /* MesocyclePlanner */ = {
			isa = PBXGroup;
			children = (
				101 /* App */,
				102 /* Core */,
				103 /* Models */,
				104 /* Services */,
				105 /* Views */,
			);
			path = MesocyclePlanner;
			sourceTree = "<group>";
		};
		101 /* App */ = {
			isa = PBXGroup;
			children = (
				002 /* MesocyclePlannerApp.swift */,
				004 /* ContentView.swift */,
			);
			path = App;
			sourceTree = "<group>";
		};
		102 /* Core */ = {
			isa = PBXGroup;
			children = (
				010 /* DesignSystem.swift */,
				106 /* Networking */,
				107 /* Storage */,
			);
			path = Core;
			sourceTree = "<group>";
		};
		103 /* Models */ = {
			isa = PBXGroup;
			children = (
				012 /* Models.swift */,
			);
			path = Models;
			sourceTree = "<group>";
		};
		104 /* Services */ = {
			isa = PBXGroup;
			children = (
				014 /* AuthService.swift */,
				016 /* ExerciseService.swift */,
				018 /* MesocycleService.swift */,
			);
			path = Services;
			sourceTree = "<group>";
		};
		105 /* Views */ = {
			isa = PBXGroup;
			children = (
				108 /* Auth */,
				109 /* Components */,
				110 /* Exercises */,
				111 /* Mesocycles */,
				112 /* Profile */,
				113 /* Workouts */,
				026 /* MainTabView.swift */,
			);
			path = Views;
			sourceTree = "<group>";
		};
		106 /* Networking */ = {
			isa = PBXGroup;
			children = (
				006 /* APIClient.swift */,
			);
			path = Networking;
			sourceTree = "<group>";
		};
		107 /* Storage */ = {
			isa = PBXGroup;
			children = (
				008 /* KeychainManager.swift */,
			);
			path = Storage;
			sourceTree = "<group>";
		};
		108 /* Auth */ = {
			isa = PBXGroup;
			children = (
				020 /* LoginView.swift */,
				022 /* RegisterView.swift */,
			);
			path = Auth;
			sourceTree = "<group>";
		};
		109 /* Components */ = {
			isa = PBXGroup;
			children = (
				024 /* CustomComponents.swift */,
			);
			path = Components;
			sourceTree = "<group>";
		};
		110 /* Exercises */ = {
			isa = PBXGroup;
			children = (
				028 /* ExerciseLibraryView.swift */,
			);
			path = Exercises;
			sourceTree = "<group>";
		};
		111 /* Mesocycles */ = {
			isa = PBXGroup;
			children = (
				030 /* MesocycleListView.swift */,
			);
			path = Mesocycles;
			sourceTree = "<group>";
		};
		112 /* Profile */ = {
			isa = PBXGroup;
			children = (
				032 /* ProfileView.swift */,
			);
			path = Profile;
			sourceTree = "<group>";
		};
		113 /* Workouts */ = {
			isa = PBXGroup;
			children = (
				034 /* WorkoutListView.swift */,
			);
			path = Workouts;
			sourceTree = "<group>";
		};
		998 /* Products */ = {
			isa = PBXGroup;
			children = (
				999 /* MesocyclePlanner.app */,
			);
			name = Products;
			sourceTree = "<group>";
		};
/* End PBXGroup section */

/* Begin PBXNativeTarget section */
		996 /* MesocyclePlanner */ = {
			isa = PBXNativeTarget;
			buildConfigurationList = 995 /* Build configuration list for PBXNativeTarget "MesocyclePlanner" */;
			buildPhases = (
				994 /* Sources */,
				997 /* Frameworks */,
				993 /* Resources */,
			);
			buildRules = (
			);
			dependencies = (
			);
			name = MesocyclePlanner;
			productName = MesocyclePlanner;
			productReference = 999 /* MesocyclePlanner.app */;
			productType = "com.apple.product-type.application";
		};
/* End PBXNativeTarget section */

/* Begin PBXProject section */
		990 /* Project object */ = {
			isa = PBXProject;
			attributes = {
				BuildIndependentTargetsInParallel = 1;
				LastSwiftUpdateCheck = 1500;
				LastUpgradeCheck = 1500;
				TargetAttributes = {
					996 = {
						CreatedOnToolsVersion = 15.0;
					};
				};
			};
			buildConfigurationList = 991 /* Build configuration list for PBXProject "MesocyclePlanner" */;
			compatibilityVersion = "Xcode 14.0";
			developmentRegion = en;
			hasScannedForEncodings = 0;
			knownRegions = (
				en,
				Base,
			);
			mainGroup = 001;
			productRefGroup = 998 /* Products */;
			projectDirPath = "";
			projectRoot = "";
			targets = (
				996 /* MesocyclePlanner */,
			);
		};
/* End PBXProject section */

/* Begin PBXResourcesBuildPhase section */
		993 /* Resources */ = {
			isa = PBXResourcesBuildPhase;
			buildActionMask = 2147483647;
			files = (
			);
			runOnlyForDeploymentPostprocessing = 0;
		};
/* End PBXResourcesBuildPhase section */

/* Begin PBXSourcesBuildPhase section */
		994 /* Sources */ = {
			isa = PBXSourcesBuildPhase;
			buildActionMask = 2147483647;
			files = (
				001 /* MesocyclePlannerApp.swift in Sources */,
				003 /* ContentView.swift in Sources */,
				005 /* APIClient.swift in Sources */,
				007 /* KeychainManager.swift in Sources */,
				009 /* DesignSystem.swift in Sources */,
				011 /* Models.swift in Sources */,
				013 /* AuthService.swift in Sources */,
				015 /* ExerciseService.swift in Sources */,
				017 /* MesocycleService.swift in Sources */,
				019 /* LoginView.swift in Sources */,
				021 /* RegisterView.swift in Sources */,
				023 /* CustomComponents.swift in Sources */,
				025 /* MainTabView.swift in Sources */,
				027 /* ExerciseLibraryView.swift in Sources */,
				029 /* MesocycleListView.swift in Sources */,
				031 /* ProfileView.swift in Sources */,
				033 /* WorkoutListView.swift in Sources */,
			);
			runOnlyForDeploymentPostprocessing = 0;
		};
/* End PBXSourcesBuildPhase section */

/* Begin XCBuildConfiguration section */
		992 /* Debug */ = {
			isa = XCBuildConfiguration;
			buildSettings = {
				ALWAYS_SEARCH_USER_PATHS = NO;
				ASSETCATALOG_COMPILER_GENERATE_SWIFT_ASSET_SYMBOL_EXTENSIONS = YES;
				CLANG_ANALYZER_NONNULL = YES;
				CLANG_ANALYZER_NUMBER_OBJECT_CONVERSION = YES_AGGRESSIVE;
				CLANG_CXX_LANGUAGE_STANDARD = "gnu++20";
				CLANG_ENABLE_MODULES = YES;
				CLANG_ENABLE_OBJC_ARC = YES;
				CLANG_ENABLE_OBJC_WEAK = YES;
				CLANG_WARN_BLOCK_CAPTURE_AUTORELEASING = YES;
				CLANG_WARN_BOOL_CONVERSION = YES;
				CLANG_WARN_COMMA = YES;
				CLANG_WARN_CONSTANT_CONVERSION = YES;
				CLANG_WARN_DEPRECATED_OBJC_IMPLEMENTATIONS = YES;
				CLANG_WARN_DIRECT_OBJC_ISA_USAGE = YES_ERROR;
				CLANG_WARN_DOCUMENTATION_COMMENTS = YES;
				CLANG_WARN_EMPTY_BODY = YES;
				CLANG_WARN_ENUM_CONVERSION = YES;
				CLANG_WARN_INFINITE_RECURSION = YES;
				CLANG_WARN_INT_CONVERSION = YES;
				CLANG_WARN_NON_LITERAL_NULL_CONVERSION = YES;
				CLANG_WARN_OBJC_IMPLICIT_RETAIN_SELF = YES;
				CLANG_WARN_OBJC_LITERAL_CONVERSION = YES;
				CLANG_WARN_OBJC_ROOT_CLASS = YES_ERROR;
				CLANG_WARN_QUOTED_INCLUDE_IN_FRAMEWORK_HEADER = YES;
				CLANG_WARN_RANGE_LOOP_ANALYSIS = YES;
				CLANG_WARN_STRICT_PROTOTYPES = YES;
				CLANG_WARN_SUSPICIOUS_MOVE = YES;
				CLANG_WARN_UNGUARDED_AVAILABILITY = YES_AGGRESSIVE;
				CLANG_WARN_UNREACHABLE_CODE = YES;
				CLANG_WARN__DUPLICATE_METHOD_MATCH = YES;
				COPY_PHASE_STRIP = NO;
				DEBUG_INFORMATION_FORMAT = dwarf;
				ENABLE_STRICT_OBJC_MSGSEND = YES;
				ENABLE_TESTABILITY = YES;
				ENABLE_USER_SCRIPT_SANDBOXING = YES;
				GCC_C_LANGUAGE_STANDARD = gnu17;
				GCC_DYNAMIC_NO_PIC = NO;
				GCC_NO_COMMON_BLOCKS = YES;
				GCC_OPTIMIZATION_LEVEL = 0;
				GCC_PREPROCESSOR_DEFINITIONS = (
					"DEBUG=1",
					"$(inherited)",
				);
				GCC_WARN_64_TO_32_BIT_CONVERSION = YES;
				GCC_WARN_ABOUT_RETURN_TYPE = YES_ERROR;
				GCC_WARN_UNDECLARED_SELECTOR = YES;
				GCC_WARN_UNINITIALIZED_AUTOS = YES_AGGRESSIVE;
				GCC_WARN_UNUSED_FUNCTION = YES;
				GCC_WARN_UNUSED_VARIABLE = YES;
				IPHONEOS_DEPLOYMENT_TARGET = 16.0;
				LOCALIZATION_PREFERS_STRING_CATALOGS = YES;
				MTL_ENABLE_DEBUG_INFO = INCLUDE_SOURCE;
				MTL_FAST_MATH = YES;
				ONLY_ACTIVE_ARCH = YES;
				SDKROOT = iphoneos;
				SWIFT_ACTIVE_COMPILATION_CONDITIONS = "DEBUG $(inherited)";
				SWIFT_OPTIMIZATION_LEVEL = "-Onone";
			};
			name = Debug;
		};
		989 /* Release */ = {
			isa = XCBuildConfiguration;
			buildSettings = {
				ALWAYS_SEARCH_USER_PATHS = NO;
				ASSETCATALOG_COMPILER_GENERATE_SWIFT_ASSET_SYMBOL_EXTENSIONS = YES;
				CLANG_ANALYZER_NONNULL = YES;
				CLANG_ANALYZER_NUMBER_OBJECT_CONVERSION = YES_AGGRESSIVE;
				CLANG_CXX_LANGUAGE_STANDARD = "gnu++20";
				CLANG_ENABLE_MODULES = YES;
				CLANG_ENABLE_OBJC_ARC = YES;
				CLANG_ENABLE_OBJC_WEAK = YES;
				CLANG_WARN_BLOCK_CAPTURE_AUTORELEASING = YES;
				CLANG_WARN_BOOL_CONVERSION = YES;
				CLANG_WARN_COMMA = YES;
				CLANG_WARN_CONSTANT_CONVERSION = YES;
				CLANG_WARN_DEPRECATED_OBJC_IMPLEMENTATIONS = YES;
				CLANG_WARN_DIRECT_OBJC_ISA_USAGE = YES_ERROR;
				CLANG_WARN_DOCUMENTATION_COMMENTS = YES;
				CLANG_WARN_EMPTY_BODY = YES;
				CLANG_WARN_ENUM_CONVERSION = YES;
				CLANG_WARN_INFINITE_RECURSION = YES;
				CLANG_WARN_INT_CONVERSION = YES;
				CLANG_WARN_NON_LITERAL_NULL_CONVERSION = YES;
				CLANG_WARN_OBJC_IMPLICIT_RETAIN_SELF = YES;
				CLANG_WARN_OBJC_LITERAL_CONVERSION = YES;
				CLANG_WARN_OBJC_ROOT_CLASS = YES_ERROR;
				CLANG_WARN_QUOTED_INCLUDE_IN_FRAMEWORK_HEADER = YES;
				CLANG_WARN_RANGE_LOOP_ANALYSIS = YES;
				CLANG_WARN_STRICT_PROTOTYPES = YES;
				CLANG_WARN_SUSPICIOUS_MOVE = YES;
				CLANG_WARN_UNGUARDED_AVAILABILITY = YES_AGGRESSIVE;
				CLANG_WARN_UNREACHABLE_CODE = YES;
				CLANG_WARN__DUPLICATE_METHOD_MATCH = YES;
				COPY_PHASE_STRIP = NO;
				DEBUG_INFORMATION_FORMAT = "dwarf-with-dsym";
				ENABLE_NS_ASSERTIONS = NO;
				ENABLE_STRICT_OBJC_MSGSEND = YES;
				ENABLE_USER_SCRIPT_SANDBOXING = YES;
				GCC_C_LANGUAGE_STANDARD = gnu17;
				GCC_NO_COMMON_BLOCKS = YES;
				GCC_WARN_64_TO_32_BIT_CONVERSION = YES;
				GCC_WARN_ABOUT_RETURN_TYPE = YES_ERROR;
				GCC_WARN_UNDECLARED_SELECTOR = YES;
				GCC_WARN_UNINITIALIZED_AUTOS = YES_AGGRESSIVE;
				GCC_WARN_UNUSED_FUNCTION = YES;
				GCC_WARN_UNUSED_VARIABLE = YES;
				IPHONEOS_DEPLOYMENT_TARGET = 16.0;
				LOCALIZATION_PREFERS_STRING_CATALOGS = YES;
				MTL_ENABLE_DEBUG_INFO = NO;
				MTL_FAST_MATH = YES;
				SDKROOT = iphoneos;
				SWIFT_COMPILATION_MODE = wholemodule;
				VALIDATE_PRODUCT = YES;
			};
			name = Release;
		};
		988 /* Debug */ = {
			isa = XCBuildConfiguration;
			buildSettings = {
				ASSETCATALOG_COMPILER_APPICON_NAME = AppIcon;
				ASSETCATALOG_COMPILER_GLOBAL_ACCENT_COLOR_NAME = AccentColor;
				CODE_SIGN_STYLE = Automatic;
				CURRENT_PROJECT_VERSION = 1;
				DEVELOPMENT_TEAM = "";
				ENABLE_PREVIEWS = YES;
				GENERATE_INFOPLIST_FILE = YES;
				INFOPLIST_KEY_UIApplicationSceneManifest_Generation = YES;
				INFOPLIST_KEY_UIApplicationSupportsIndirectInputEvents = YES;
				INFOPLIST_KEY_UILaunchScreen_Generation = YES;
				INFOPLIST_KEY_UISupportedInterfaceOrientations_iPad = "UIInterfaceOrientationPortrait UIInterfaceOrientationPortraitUpsideDown UIInterfaceOrientationLandscapeLeft UIInterfaceOrientationLandscapeRight";
				INFOPLIST_KEY_UISupportedInterfaceOrientations_iPhone = "UIInterfaceOrientationPortrait UIInterfaceOrientationLandscapeLeft UIInterfaceOrientationLandscapeRight";
				IPHONEOS_DEPLOYMENT_TARGET = 16.0;
				LD_RUNPATH_SEARCH_PATHS = (
					"$(inherited)",
					"@executable_path/Frameworks",
				);
				MARKETING_VERSION = 1.0;
				PRODUCT_BUNDLE_IDENTIFIER = com.mesocycleplanner.app;
				PRODUCT_NAME = "$(TARGET_NAME)";
				SWIFT_EMIT_LOC_STRINGS = YES;
				SWIFT_VERSION = 5.0;
				TARGETED_DEVICE_FAMILY = "1,2";
			};
			name = Debug;
		};
		987 /* Release */ = {
			isa = XCBuildConfiguration;
			buildSettings = {
				ASSETCATALOG_COMPILER_APPICON_NAME = AppIcon;
				ASSETCATALOG_COMPILER_GLOBAL_ACCENT_COLOR_NAME = AccentColor;
				CODE_SIGN_STYLE = Automatic;
				CURRENT_PROJECT_VERSION = 1;
				DEVELOPMENT_TEAM = "";
				ENABLE_PREVIEWS = YES;
				GENERATE_INFOPLIST_FILE = YES;
				INFOPLIST_KEY_UIApplicationSceneManifest_Generation = YES;
				INFOPLIST_KEY_UIApplicationSupportsIndirectInputEvents = YES;
				INFOPLIST_KEY_UILaunchScreen_Generation = YES;
				INFOPLIST_KEY_UISupportedInterfaceOrientations_iPad = "UIInterfaceOrientationPortrait UIInterfaceOrientationPortraitUpsideDown UIInterfaceOrientationLandscapeLeft UIInterfaceOrientationLandscapeRight";
				INFOPLIST_KEY_UISupportedInterfaceOrientations_iPhone = "UIInterfaceOrientationPortrait UIInterfaceOrientationLandscapeLeft UIInterfaceOrientationLandscapeRight";
				IPHONEOS_DEPLOYMENT_TARGET = 16.0;
				LD_RUNPATH_SEARCH_PATHS = (
					"$(inherited)",
					"@executable_path/Frameworks",
				);
				MARKETING_VERSION = 1.0;
				PRODUCT_BUNDLE_IDENTIFIER = com.mesocycleplanner.app;
				PRODUCT_NAME = "$(TARGET_NAME)";
				SWIFT_EMIT_LOC_STRINGS = YES;
				SWIFT_VERSION = 5.0;
				TARGETED_DEVICE_FAMILY = "1,2";
			};
			name = Release;
		};
/* End XCBuildConfiguration section */

/* Begin XCConfigurationList section */
		991 /* Build configuration list for PBXProject "MesocyclePlanner" */ = {
			isa = XCConfigurationList;
			buildConfigurations = (
				992 /* Debug */,
				989 /* Release */,
			);
			defaultConfigurationIsVisible = 0;
			defaultConfigurationName = Release;
		};
		995 /* Build configuration list for PBXNativeTarget "MesocyclePlanner" */ = {
			isa = XCConfigurationList;
			buildConfigurations = (
				988 /* Debug */,
				987 /* Release */,
			);
			defaultConfigurationIsVisible = 0;
			defaultConfigurationName = Release;
		};
/* End XCConfigurationList section */
	};
	rootObject = 990 /* Project object */;
}
